
Microsoft Visual Studio Solution File, Format Version 12.00
# Visual Studio Version 17
VisualStudioVersion = 17.2.32630.192
MinimumVisualStudioVersion = 10.0.40219.1
Project("{FAE04EC0-301F-11D3-BF4B-00C04F79EFBC}") = "HttpClientWebApi.Server", "HttpClientWebApi.Server\HttpClientWebApi.Server.csproj", "{D4BB9F9C-A3FB-4451-9663-72E7F23F0FF3}"
EndProject
Project("{FAE04EC0-301F-11D3-BF4B-00C04F79EFBC}") = "HttpClientWebApi.Client", "HttpClientWebApi.Client\HttpClientWebApi.Client.csproj", "{3F02AECA-4793-439F-8E40-A8034D4B78B1}"
EndProject
Global
	GlobalSection(SolutionConfigurationPlatforms) = preSolution
		Debug|Any CPU = Debug|Any CPU
		Release|Any CPU = Release|Any CPU
	EndGlobalSection
	GlobalSection(ProjectConfigurationPlatforms) = postSolution
		{D4BB9F9C-A3FB-4451-9663-72E7F23F0FF3}.Debug|Any CPU.ActiveCfg = Debug|Any CPU
		{D4BB9F9C-A3FB-4451-9663-72E7F23F0FF3}.Debug|Any CPU.Build.0 = Debug|Any CPU
		{D4BB9F9C-A3FB-4451-9663-72E7F23F0FF3}.Release|Any CPU.ActiveCfg = Release|Any CPU
		{D4BB9F9C-A3FB-4451-9663-72E7F23F0FF3}.Release|Any CPU.Build.0 = Release|Any CPU
		{3F02AECA-4793-439F-8E40-A8034D4B78B1}.Debug|Any CPU.ActiveCfg = Debug|Any CPU
		{3F02AECA-4793-439F-8E40-A8034D4B78B1}.Debug|Any CPU.Build.0 = Debug|Any CPU
		{3F02AECA-4793-439F-8E40-A8034D4B78B1}.Release|Any CPU.ActiveCfg = Release|Any CPU
		{3F02AECA-4793-439F-8E40-A8034D4B78B1}.Release|Any CPU.Build.0 = Release|Any CPU
	EndGlobalSection
	GlobalSection(SolutionProperties) = preSolution
		HideSolutionNode = FALSE
	EndGlobalSection
	GlobalSection(ExtensibilityGlobals) = postSolution
		SolutionGuid = {6D634B8F-E301-4F8B-90E2-B460BD6B1E16}
	EndGlobalSection
EndGlobal
